
Microsoft Visual Studio Solution File, Format Version 12.00
# Visual Studio 15
Project("{FAE04EC0-301F-11D3-BF4B-00C04F79EFBC}") = "Assembly-CSharp-firstpass", "Assembly-CSharp-firstpass.csproj", "{B5E96DB7-01E7-FBA8-BFB8-1A9E885025BD}"
EndProject
Project("{FAE04EC0-301F-11D3-BF4B-00C04F79EFBC}") = "Unity.XR.Interaction.Toolkit.Samples.StarterAssets", "Unity.XR.Interaction.Toolkit.Samples.StarterAssets.csproj", "{2A88E6CF-93E1-FA54-D7E7-9F47EACD7831}"
EndProject
Project("{FAE04EC0-301F-11D3-BF4B-00C04F79EFBC}") = "Assembly-CSharp", "Assembly-CSharp.csproj", "{A5CC8319-A45F-76C0-E9FF-DB692A0A862E}"
EndProject
Project("{FAE04EC0-301F-11D3-BF4B-00C04F79EFBC}") = "Unity.XR.Interaction.Toolkit.Samples.DeviceSimulator", "Unity.XR.Interaction.Toolkit.Samples.DeviceSimulator.csproj", "{CC55D78A-76D8-26BD-5AA1-92D94D1417CD}"
EndProject
Project("{FAE04EC0-301F-11D3-BF4B-00C04F79EFBC}") = "Unity.XR.Interaction.Toolkit.Samples.StarterAssets.Editor", "Unity.XR.Interaction.Toolkit.Samples.StarterAssets.Editor.csproj", "{9DD0AD77-9D52-FA76-6782-32EDAAD16BD0}"
EndProject
Project("{FAE04EC0-301F-11D3-BF4B-00C04F79EFBC}") = "Assembly-CSharp-Editor-firstpass", "Assembly-CSharp-Editor-firstpass.csproj", "{C1A58CBA-6FE0-21DE-950A-D7B1BC7A31DE}"
EndProject
Global
	GlobalSection(SolutionConfigurationPlatforms) = preSolution
		Debug|Any CPU = Debug|Any CPU
		Release|Any CPU = Release|Any CPU
	EndGlobalSection
	GlobalSection(ProjectConfigurationPlatforms) = postSolution
		{B5E96DB7-01E7-FBA8-BFB8-1A9E885025BD}.Debug|Any CPU.ActiveCfg = Debug|Any CPU
		{B5E96DB7-01E7-FBA8-BFB8-1A9E885025BD}.Debug|Any CPU.Build.0 = Debug|Any CPU
		{B5E96DB7-01E7-FBA8-BFB8-1A9E885025BD}.Release|Any CPU.ActiveCfg = Release|Any CPU
		{B5E96DB7-01E7-FBA8-BFB8-1A9E885025BD}.Release|Any CPU.Build.0 = Release|Any CPU
		{2A88E6CF-93E1-FA54-D7E7-9F47EACD7831}.Debug|Any CPU.ActiveCfg = Debug|Any CPU
		{2A88E6CF-93E1-FA54-D7E7-9F47EACD7831}.Debug|Any CPU.Build.0 = Debug|Any CPU
		{2A88E6CF-93E1-FA54-D7E7-9F47EACD7831}.Release|Any CPU.ActiveCfg = Release|Any CPU
		{2A88E6CF-93E1-FA54-D7E7-9F47EACD7831}.Release|Any CPU.Build.0 = Release|Any CPU
		{A5CC8319-A45F-76C0-E9FF-DB692A0A862E}.Debug|Any CPU.ActiveCfg = Debug|Any CPU
		{A5CC8319-A45F-76C0-E9FF-DB692A0A862E}.Debug|Any CPU.Build.0 = Debug|Any CPU
		{A5CC8319-A45F-76C0-E9FF-DB692A0A862E}.Release|Any CPU.ActiveCfg = Release|Any CPU
		{A5CC8319-A45F-76C0-E9FF-DB692A0A862E}.Release|Any CPU.Build.0 = Release|Any CPU
		{CC55D78A-76D8-26BD-5AA1-92D94D1417CD}.Debug|Any CPU.ActiveCfg = Debug|Any CPU
		{CC55D78A-76D8-26BD-5AA1-92D94D1417CD}.Debug|Any CPU.Build.0 = Debug|Any CPU
		{CC55D78A-76D8-26BD-5AA1-92D94D1417CD}.Release|Any CPU.ActiveCfg = Release|Any CPU
		{CC55D78A-76D8-26BD-5AA1-92D94D1417CD}.Release|Any CPU.Build.0 = Release|Any CPU
		{9DD0AD77-9D52-FA76-6782-32EDAAD16BD0}.Debug|Any CPU.ActiveCfg = Debug|Any CPU
		{9DD0AD77-9D52-FA76-6782-32EDAAD16BD0}.Debug|Any CPU.Build.0 = Debug|Any CPU
		{9DD0AD77-9D52-FA76-6782-32EDAAD16BD0}.Release|Any CPU.ActiveCfg = Release|Any CPU
		{9DD0AD77-9D52-FA76-6782-32EDAAD16BD0}.Release|Any CPU.Build.0 = Release|Any CPU
		{C1A58CBA-6FE0-21DE-950A-D7B1BC7A31DE}.Debug|Any CPU.ActiveCfg = Debug|Any CPU
		{C1A58CBA-6FE0-21DE-950A-D7B1BC7A31DE}.Debug|Any CPU.Build.0 = Debug|Any CPU
		{C1A58CBA-6FE0-21DE-950A-D7B1BC7A31DE}.Release|Any CPU.ActiveCfg = Release|Any CPU
		{C1A58CBA-6FE0-21DE-950A-D7B1BC7A31DE}.Release|Any CPU.Build.0 = Release|Any CPU
	EndGlobalSection
	GlobalSection(SolutionProperties) = preSolution
		HideSolutionNode = FALSE
	EndGlobalSection
EndGlobal
